
Microsoft Visual Studio Solution File, Format Version 12.00
# Visual Studio Version 16
VisualStudioVersion = 16.0.30621.155
MinimumVisualStudioVersion = 10.0.40219.1
Project("{FAE04EC0-301F-11D3-BF4B-00C04F79EFBC}") = "0-Abstraction_Code", "0-Abstraction_Code\0-Abstraction_Code.csproj", "{697B8A24-AFBB-4A6A-A15C-B64F1F06813A}"
EndProject
Project("{FAE04EC0-301F-11D3-BF4B-00C04F79EFBC}") = "1-Domain_Code", "1-Domain_Code\1-Domain_Code.csproj", "{8BA51F0B-6625-4C0C-8D0E-CC5C9F03DC6B}"
EndProject
Project("{FAE04EC0-301F-11D3-BF4B-00C04F79EFBC}") = "2-Application_Code", "2-Application_Code\2-Application_Code.csproj", "{F51F41B8-7F3B-408A-A48E-7C24F753AFA3}"
EndProject
Project("{FAE04EC0-301F-11D3-BF4B-00C04F79EFBC}") = "3-Adapters", "3-Adapters\3-Adapters.csproj", "{B1D138AD-6EF9-4517-8FC5-CBA767E89218}"
EndProject
Project("{FAE04EC0-301F-11D3-BF4B-00C04F79EFBC}") = "4-Plugins", "4-Plugins\4-Plugins.csproj", "{08D58959-219A-4733-8396-03FBF9BDA91E}"
EndProject
Global
	GlobalSection(SolutionConfigurationPlatforms) = preSolution
		Debug|Any CPU = Debug|Any CPU
		Release|Any CPU = Release|Any CPU
	EndGlobalSection
	GlobalSection(ProjectConfigurationPlatforms) = postSolution
		{697B8A24-AFBB-4A6A-A15C-B64F1F06813A}.Debug|Any CPU.ActiveCfg = Debug|Any CPU
		{697B8A24-AFBB-4A6A-A15C-B64F1F06813A}.Debug|Any CPU.Build.0 = Debug|Any CPU
		{697B8A24-AFBB-4A6A-A15C-B64F1F06813A}.Release|Any CPU.ActiveCfg = Release|Any CPU
		{697B8A24-AFBB-4A6A-A15C-B64F1F06813A}.Release|Any CPU.Build.0 = Release|Any CPU
		{8BA51F0B-6625-4C0C-8D0E-CC5C9F03DC6B}.Debug|Any CPU.ActiveCfg = Debug|Any CPU
		{8BA51F0B-6625-4C0C-8D0E-CC5C9F03DC6B}.Debug|Any CPU.Build.0 = Debug|Any CPU
		{8BA51F0B-6625-4C0C-8D0E-CC5C9F03DC6B}.Release|Any CPU.ActiveCfg = Release|Any CPU
		{8BA51F0B-6625-4C0C-8D0E-CC5C9F03DC6B}.Release|Any CPU.Build.0 = Release|Any CPU
		{F51F41B8-7F3B-408A-A48E-7C24F753AFA3}.Debug|Any CPU.ActiveCfg = Debug|Any CPU
		{F51F41B8-7F3B-408A-A48E-7C24F753AFA3}.Debug|Any CPU.Build.0 = Debug|Any CPU
		{F51F41B8-7F3B-408A-A48E-7C24F753AFA3}.Release|Any CPU.ActiveCfg = Release|Any CPU
		{F51F41B8-7F3B-408A-A48E-7C24F753AFA3}.Release|Any CPU.Build.0 = Release|Any CPU
		{B1D138AD-6EF9-4517-8FC5-CBA767E89218}.Debug|Any CPU.ActiveCfg = Debug|Any CPU
		{B1D138AD-6EF9-4517-8FC5-CBA767E89218}.Debug|Any CPU.Build.0 = Debug|Any CPU
		{B1D138AD-6EF9-4517-8FC5-CBA767E89218}.Release|Any CPU.ActiveCfg = Release|Any CPU
		{B1D138AD-6EF9-4517-8FC5-CBA767E89218}.Release|Any CPU.Build.0 = Release|Any CPU
		{08D58959-219A-4733-8396-03FBF9BDA91E}.Debug|Any CPU.ActiveCfg = Debug|Any CPU
		{08D58959-219A-4733-8396-03FBF9BDA91E}.Debug|Any CPU.Build.0 = Debug|Any CPU
		{08D58959-219A-4733-8396-03FBF9BDA91E}.Release|Any CPU.ActiveCfg = Release|Any CPU
		{08D58959-219A-4733-8396-03FBF9BDA91E}.Release|Any CPU.Build.0 = Release|Any CPU
	EndGlobalSection
	GlobalSection(SolutionProperties) = preSolution
		HideSolutionNode = FALSE
	EndGlobalSection
	GlobalSection(ExtensibilityGlobals) = postSolution
		SolutionGuid = {7BEE9406-BC23-4C5F-A3DA-E21A8A158AC2}
	EndGlobalSection
EndGlobal
